
Microsoft Visual Studio Solution File, Format Version 12.00
# Visual Studio Version 16
VisualStudioVersion = 16.0.31019.35
MinimumVisualStudioVersion = 10.0.40219.1
Project("{8BC9CEB8-8B4A-11D0-8D11-00A0C91BC942}") = "GamesHub", "..\StartGUI\GamesHub\StartGUI.vcxproj", "{88585A65-DA30-4CF6-994C-914059AF3431}"
EndProject
Project("{8BC9CEB8-8B4A-11D0-8D11-00A0C91BC942}") = "Arkanoid_Game", "Arkanoid_Game\Arkanoid_Game.vcxproj", "{64A5E508-2E7D-4FE9-8E62-61ABFE367030}"
EndProject
Project("{8BC9CEB8-8B4A-11D0-8D11-00A0C91BC942}") = "Asteroids_Game", "Asteroids_Game\Asteroids_Game.vcxproj", "{1FF744A4-45CB-4A1B-9790-84EA616CA17D}"
EndProject
Project("{8BC9CEB8-8B4A-11D0-8D11-00A0C91BC942}") = "FlappyDuck_Game", "FlappyDuck_Game\FlappyDuck_Game.vcxproj", "{6EF72BC9-BDB7-438C-9097-6C19F6345B85}"
EndProject
Project("{8BC9CEB8-8B4A-11D0-8D11-00A0C91BC942}") = "Tetris_Game", "Tetris_Game\Tetris_Game.vcxproj", "{CACD968B-DC77-42AD-AEA2-E69E44466DD1}"
EndProject
Project("{8BC9CEB8-8B4A-11D0-8D11-00A0C91BC942}") = "Snake_Game", "Snake_Game\Snake_Game.vcxproj", "{6C4A9C04-8E8E-4744-8172-8EDAFBF53EB4}"
EndProject
Project("{8BC9CEB8-8B4A-11D0-8D11-00A0C91BC942}") = "PongLike_Game", "PongLike_Game\PongLike_Game\PongLike_Game.vcxproj", "{8A14B37B-FC65-4684-8340-A058E2EB4222}"
EndProject
Global
	GlobalSection(SolutionConfigurationPlatforms) = preSolution
		Debug|x64 = Debug|x64
		Debug|x86 = Debug|x86
		Release|x64 = Release|x64
		Release|x86 = Release|x86
	EndGlobalSection
	GlobalSection(ProjectConfigurationPlatforms) = postSolution
		{88585A65-DA30-4CF6-994C-914059AF3431}.Debug|x64.ActiveCfg = Debug|x64
		{88585A65-DA30-4CF6-994C-914059AF3431}.Debug|x64.Build.0 = Debug|x64
		{88585A65-DA30-4CF6-994C-914059AF3431}.Debug|x86.ActiveCfg = Debug|Win32
		{88585A65-DA30-4CF6-994C-914059AF3431}.Debug|x86.Build.0 = Debug|Win32
		{88585A65-DA30-4CF6-994C-914059AF3431}.Release|x64.ActiveCfg = Release|x64
		{88585A65-DA30-4CF6-994C-914059AF3431}.Release|x64.Build.0 = Release|x64
		{88585A65-DA30-4CF6-994C-914059AF3431}.Release|x86.ActiveCfg = Release|Win32
		{88585A65-DA30-4CF6-994C-914059AF3431}.Release|x86.Build.0 = Release|Win32
		{64A5E508-2E7D-4FE9-8E62-61ABFE367030}.Debug|x64.ActiveCfg = Debug|x64
		{64A5E508-2E7D-4FE9-8E62-61ABFE367030}.Debug|x64.Build.0 = Debug|x64
		{64A5E508-2E7D-4FE9-8E62-61ABFE367030}.Debug|x86.ActiveCfg = Debug|Win32
		{64A5E508-2E7D-4FE9-8E62-61ABFE367030}.Debug|x86.Build.0 = Debug|Win32
		{64A5E508-2E7D-4FE9-8E62-61ABFE367030}.Release|x64.ActiveCfg = Release|x64
		{64A5E508-2E7D-4FE9-8E62-61ABFE367030}.Release|x64.Build.0 = Release|x64
		{64A5E508-2E7D-4FE9-8E62-61ABFE367030}.Release|x86.ActiveCfg = Release|Win32
		{64A5E508-2E7D-4FE9-8E62-61ABFE367030}.Release|x86.Build.0 = Release|Win32
		{1FF744A4-45CB-4A1B-9790-84EA616CA17D}.Debug|x64.ActiveCfg = Debug|x64
		{1FF744A4-45CB-4A1B-9790-84EA616CA17D}.Debug|x64.Build.0 = Debug|x64
		{1FF744A4-45CB-4A1B-9790-84EA616CA17D}.Debug|x86.ActiveCfg = Debug|Win32
		{1FF744A4-45CB-4A1B-9790-84EA616CA17D}.Debug|x86.Build.0 = Debug|Win32
		{1FF744A4-45CB-4A1B-9790-84EA616CA17D}.Release|x64.ActiveCfg = Release|x64
		{1FF744A4-45CB-4A1B-9790-84EA616CA17D}.Release|x64.Build.0 = Release|x64
		{1FF744A4-45CB-4A1B-9790-84EA616CA17D}.Release|x86.ActiveCfg = Release|Win32
		{1FF744A4-45CB-4A1B-9790-84EA616CA17D}.Release|x86.Build.0 = Release|Win32
		{6EF72BC9-BDB7-438C-9097-6C19F6345B85}.Debug|x64.ActiveCfg = Debug|x64
		{6EF72BC9-BDB7-438C-9097-6C19F6345B85}.Debug|x64.Build.0 = Debug|x64
		{6EF72BC9-BDB7-438C-9097-6C19F6345B85}.Debug|x86.ActiveCfg = Debug|Win32
		{6EF72BC9-BDB7-438C-9097-6C19F6345B85}.Debug|x86.Build.0 = Debug|Win32
		{6EF72BC9-BDB7-438C-9097-6C19F6345B85}.Release|x64.ActiveCfg = Release|x64
		{6EF72BC9-BDB7-438C-9097-6C19F6345B85}.Release|x64.Build.0 = Release|x64
		{6EF72BC9-BDB7-438C-9097-6C19F6345B85}.Release|x86.ActiveCfg = Release|Win32
		{6EF72BC9-BDB7-438C-9097-6C19F6345B85}.Release|x86.Build.0 = Release|Win32
		{CACD968B-DC77-42AD-AEA2-E69E44466DD1}.Debug|x64.ActiveCfg = Debug|x64
		{CACD968B-DC77-42AD-AEA2-E69E44466DD1}.Debug|x64.Build.0 = Debug|x64
		{CACD968B-DC77-42AD-AEA2-E69E44466DD1}.Debug|x86.ActiveCfg = Debug|Win32
		{CACD968B-DC77-42AD-AEA2-E69E44466DD1}.Debug|x86.Build.0 = Debug|Win32
		{CACD968B-DC77-42AD-AEA2-E69E44466DD1}.Release|x64.ActiveCfg = Release|x64
		{CACD968B-DC77-42AD-AEA2-E69E44466DD1}.Release|x64.Build.0 = Release|x64
		{CACD968B-DC77-42AD-AEA2-E69E44466DD1}.Release|x86.ActiveCfg = Release|Win32
		{CACD968B-DC77-42AD-AEA2-E69E44466DD1}.Release|x86.Build.0 = Release|Win32
		{6C4A9C04-8E8E-4744-8172-8EDAFBF53EB4}.Debug|x64.ActiveCfg = Debug|x64
		{6C4A9C04-8E8E-4744-8172-8EDAFBF53EB4}.Debug|x64.Build.0 = Debug|x64
		{6C4A9C04-8E8E-4744-8172-8EDAFBF53EB4}.Debug|x86.ActiveCfg = Debug|Win32
		{6C4A9C04-8E8E-4744-8172-8EDAFBF53EB4}.Debug|x86.Build.0 = Debug|Win32
		{6C4A9C04-8E8E-4744-8172-8EDAFBF53EB4}.Release|x64.ActiveCfg = Release|x64
		{6C4A9C04-8E8E-4744-8172-8EDAFBF53EB4}.Release|x64.Build.0 = Release|x64
		{6C4A9C04-8E8E-4744-8172-8EDAFBF53EB4}.Release|x86.ActiveCfg = Release|Win32
		{6C4A9C04-8E8E-4744-8172-8EDAFBF53EB4}.Release|x86.Build.0 = Release|Win32
		{8A14B37B-FC65-4684-8340-A058E2EB4222}.Debug|x64.ActiveCfg = Debug|x64
		{8A14B37B-FC65-4684-8340-A058E2EB4222}.Debug|x64.Build.0 = Debug|x64
		{8A14B37B-FC65-4684-8340-A058E2EB4222}.Debug|x86.ActiveCfg = Debug|Win32
		{8A14B37B-FC65-4684-8340-A058E2EB4222}.Debug|x86.Build.0 = Debug|Win32
		{8A14B37B-FC65-4684-8340-A058E2EB4222}.Release|x64.ActiveCfg = Release|x64
		{8A14B37B-FC65-4684-8340-A058E2EB4222}.Release|x64.Build.0 = Release|x64
		{8A14B37B-FC65-4684-8340-A058E2EB4222}.Release|x86.ActiveCfg = Release|Win32
		{8A14B37B-FC65-4684-8340-A058E2EB4222}.Release|x86.Build.0 = Release|Win32
	EndGlobalSection
	GlobalSection(SolutionProperties) = preSolution
		HideSolutionNode = FALSE
	EndGlobalSection
	GlobalSection(ExtensibilityGlobals) = postSolution
		SolutionGuid = {EDA92753-BB71-46F1-9B7E-03B6A3FE0171}
	EndGlobalSection
EndGlobal
